# THIS IS AN AUTOGENERATED FILE. DO NOT EDIT THIS FILE DIRECTLY.
# yarn lockfile v1


"@types/lru-cache@^7.10.10":
  version "7.10.10"
  resolved "https://registry.npmjs.org/@types/lru-cache/-/lru-cache-7.10.10.tgz"
  integrity sha512-nEpVRPWW9EBmx2SCfNn3ClYxPL7IktPX12HhIoSc/H5mMjdeW3+YsXIpseLQ2xF35+OcpwKQbEUw5VtqE4PDNA==
  dependencies:
    lru-cache "*"

lru-cache@*, lru-cache@^11.0.2:
  version "11.0.2"
  resolved "https://registry.npmjs.org/lru-cache/-/lru-cache-11.0.2.tgz"
  integrity sha512-123qHRfJBmo2jXDbo/a5YOQrJoHF/GNQTLzQ5+IdK5pWpceK17yRc6ozlWd25FxvGKQbIUs91fDFkXmDHTKcyA==
